
Microsoft Visual Studio Solution File, Format Version 12.00
# Visual Studio Version 17
VisualStudioVersion = 17.0.32126.317
MinimumVisualStudioVersion = 10.0.40219.1
Project("{FAE04EC0-301F-11D3-BF4B-00C04F79EFBC}") = "ExampleCrud", "ExampleCrud\ExampleCrud.csproj", "{55C49C77-0911-4DDA-8248-626DFD97E1E0}"
EndProject
Global
	GlobalSection(SolutionConfigurationPlatforms) = preSolution
		Debug|Any CPU = Debug|Any CPU
		Release|Any CPU = Release|Any CPU
	EndGlobalSection
	GlobalSection(ProjectConfigurationPlatforms) = postSolution
		{55C49C77-0911-4DDA-8248-626DFD97E1E0}.Debug|Any CPU.ActiveCfg = Debug|Any CPU
		{55C49C77-0911-4DDA-8248-626DFD97E1E0}.Debug|Any CPU.Build.0 = Debug|Any CPU
		{55C49C77-0911-4DDA-8248-626DFD97E1E0}.Release|Any CPU.ActiveCfg = Release|Any CPU
		{55C49C77-0911-4DDA-8248-626DFD97E1E0}.Release|Any CPU.Build.0 = Release|Any CPU
	EndGlobalSection
	GlobalSection(SolutionProperties) = preSolution
		HideSolutionNode = FALSE
	EndGlobalSection
	GlobalSection(ExtensibilityGlobals) = postSolution
		SolutionGuid = {D71E44CF-E4AE-44C7-A7E4-DD529812751B}
	EndGlobalSection
EndGlobal
